// !$*UTF8*$!
{
	archiveVersion = 1;
	classes = {
	};
	objectVersion = 46;
	objects = {

/* Begin PBXBuildFile section */
		00E356F31AD99517003FC87E /* NaturaReactComponentsTests.m in Sources */ = {isa = PBXBuildFile; fileRef = 00E356F21AD99517003FC87E /* NaturaReactComponentsTests.m */; };
		07F5EE2230844252BBD64B59 /* natds-icons.ttf in Resources */ = {isa = PBXBuildFile; fileRef = 5ED5C123FCC0423FB744A60B /* natds-icons.ttf */; };
		13B07FBC1A68108700A75B9A /* AppDelegate.m in Sources */ = {isa = PBXBuildFile; fileRef = 13B07FB01A68108700A75B9A /* AppDelegate.m */; };
		13B07FBD1A68108700A75B9A /* LaunchScreen.xib in Resources */ = {isa = PBXBuildFile; fileRef = 13B07FB11A68108700A75B9A /* LaunchScreen.xib */; };
		13B07FBF1A68108700A75B9A /* Images.xcassets in Resources */ = {isa = PBXBuildFile; fileRef = 13B07FB51A68108700A75B9A /* Images.xcassets */; };
		13B07FC11A68108700A75B9A /* main.m in Sources */ = {isa = PBXBuildFile; fileRef = 13B07FB71A68108700A75B9A /* main.m */; };
		191A85822453F74E001A532B /* dummy.swift in Sources */ = {isa = PBXBuildFile; fileRef = 191A85812453F74E001A532B /* dummy.swift */; };
		2D02E4BC1E0B4A80006451C7 /* AppDelegate.m in Sources */ = {isa = PBXBuildFile; fileRef = 13B07FB01A68108700A75B9A /* AppDelegate.m */; };
		2D02E4BD1E0B4A84006451C7 /* Images.xcassets in Resources */ = {isa = PBXBuildFile; fileRef = 13B07FB51A68108700A75B9A /* Images.xcassets */; };
		2D02E4BF1E0B4AB3006451C7 /* main.m in Sources */ = {isa = PBXBuildFile; fileRef = 13B07FB71A68108700A75B9A /* main.m */; };
		2DCD954D1E0B4F2C00145EB5 /* NaturaReactComponentsTests.m in Sources */ = {isa = PBXBuildFile; fileRef = 00E356F21AD99517003FC87E /* NaturaReactComponentsTests.m */; };
		33205FC1894D40F3AE5D3A03 /* Roboto-BoldItalic.ttf in Resources */ = {isa = PBXBuildFile; fileRef = DFF9F16ED7B344AEB8BB33D7 /* Roboto-BoldItalic.ttf */; };
		3E4C0BE1B0F6460EB42E52C0 /* natds-icons.svg in Resources */ = {isa = PBXBuildFile; fileRef = 9542ADA36A9F4B55A7CC1360 /* natds-icons.svg */; };
		4265746FB35E41999DF75AAF /* Roboto-Black.ttf in Resources */ = {isa = PBXBuildFile; fileRef = 96943E1C18F84E1DAE1BB400 /* Roboto-Black.ttf */; };
		4C499D82BE19485FACA30D77 /* Roboto-LightItalic.ttf in Resources */ = {isa = PBXBuildFile; fileRef = B30D8BFCEE554A618192478F /* Roboto-LightItalic.ttf */; };
		5C96EAA6293349B6A4397C28 /* Roboto-Medium.ttf in Resources */ = {isa = PBXBuildFile; fileRef = C0A38195C340458CBD005485 /* Roboto-Medium.ttf */; };
		5D389829DB484069A3E1AE4B /* natds-icons.woff2 in Resources */ = {isa = PBXBuildFile; fileRef = 9C08C4BFD0F3490E95B4EEF7 /* natds-icons.woff2 */; };
		62D3E23A7FF3411A98FDB9F2 /* Roboto-MediumItalic.ttf in Resources */ = {isa = PBXBuildFile; fileRef = 9F6853E3AEB74490A6980355 /* Roboto-MediumItalic.ttf */; };
		73DC076346D740D3887341C1 /* Roboto-Bold.ttf in Resources */ = {isa = PBXBuildFile; fileRef = 1326B5EB47CB4F22A63330D6 /* Roboto-Bold.ttf */; };
		7D4CCDAB995640A4A1449A6C /* Roboto-BlackItalic.ttf in Resources */ = {isa = PBXBuildFile; fileRef = EE52BED68DDB4E798C637857 /* Roboto-BlackItalic.ttf */; };
		857A4ED000354135860F7F84 /* natds-icons.woff in Resources */ = {isa = PBXBuildFile; fileRef = 1C3465D3A474434DB588B8EC /* natds-icons.woff */; };
		8C35FA480294E58F24259362 /* libPods-NaturaReactComponents.a in Frameworks */ = {isa = PBXBuildFile; fileRef = 7963EBFC3063ED00E8AB01D9 /* libPods-NaturaReactComponents.a */; };
		940E1FD6ECBF4374B8779681 /* Roboto-Thin.ttf in Resources */ = {isa = PBXBuildFile; fileRef = A235607A197A4DB2B301CDA3 /* Roboto-Thin.ttf */; };
		9970C244D7CA4DE9AAF7A592 /* Roboto-Italic.ttf in Resources */ = {isa = PBXBuildFile; fileRef = 53D48A21423C4BB78C57A8B6 /* Roboto-Italic.ttf */; };
		A5DC479D9E7E42A1B2225E3F /* Roboto-ThinItalic.ttf in Resources */ = {isa = PBXBuildFile; fileRef = B5F5F0EB21AC412895CD2221 /* Roboto-ThinItalic.ttf */; };
		B003F668EB8E4DFD9D41DF4B /* Roboto-Light.ttf in Resources */ = {isa = PBXBuildFile; fileRef = 22692A50068B4318BFA631E4 /* Roboto-Light.ttf */; };
		C48C1BD0544FB138710CA898 /* libPods-NaturaReactComponents-NaturaReactComponentsTests.a in Frameworks */ = {isa = PBXBuildFile; fileRef = 18207638E48A5EB947EC2897 /* libPods-NaturaReactComponents-NaturaReactComponentsTests.a */; };
		D990993B8F4B416D9713D93D /* Roboto-Regular.ttf in Resources */ = {isa = PBXBuildFile; fileRef = 70B97FA3DC984789943D17F8 /* Roboto-Regular.ttf */; };
		533539C314B947D58C32C05F /* druk_cy_bold.ttf in Resources */ = {isa = PBXBuildFile; fileRef = 429186D6F1034537A56DE44C /* druk_cy_bold.ttf */; };
		2FC2FF3112974D82B1D64425 /* helvetica_now_display_bd.ttf in Resources */ = {isa = PBXBuildFile; fileRef = EF62064B22FA4969A2C1CE51 /* helvetica_now_display_bd.ttf */; };
		F9CA49B3F83B426EB73EE955 /* helvetica_now_display_md.ttf in Resources */ = {isa = PBXBuildFile; fileRef = A99A6962B26448BDA25D7F06 /* helvetica_now_display_md.ttf */; };
		926B0FC773774C44A73314F6 /* helvetica_now_display_regular.ttf in Resources */ = {isa = PBXBuildFile; fileRef = C03AC8A6C6D546DB8B8C73B4 /* helvetica_now_display_regular.ttf */; };
		5DA1720B088E4DC3BEC335AD /* montserrat_bold.ttf in Resources */ = {isa = PBXBuildFile; fileRef = 1E99256B09334039A7F05F1C /* montserrat_bold.ttf */; };
		B89C3D8CDC1C42F9B93B54EC /* montserrat_regular.ttf in Resources */ = {isa = PBXBuildFile; fileRef = C7893D5549D34416A04F239E /* montserrat_regular.ttf */; };
		6B0035D98AB845C0B02EC90E /* montserrat_semi_bold.ttf in Resources */ = {isa = PBXBuildFile; fileRef = 4C8F9C46681E49EA9692C1BB /* montserrat_semi_bold.ttf */; };
		FF48736BB2B9473591E9EC70 /* recoleta_semi_bold.ttf in Resources */ = {isa = PBXBuildFile; fileRef = EE0524D085D04155BCE5DE7A /* recoleta_semi_bold.ttf */; };
		F0BA0CB08D504D4C995E43B6 /* suisse_intl_medium.ttf in Resources */ = {isa = PBXBuildFile; fileRef = 4745E3D0B20A4350BDFC01FE /* suisse_intl_medium.ttf */; };
		0DD4868F009944A684642F5B /* suisse_intl_regular.ttf in Resources */ = {isa = PBXBuildFile; fileRef = 4C375907B2A64E87B642AD99 /* suisse_intl_regular.ttf */; };
		F4A0FF084BA5407A927829EF /* work_sans_bold.ttf in Resources */ = {isa = PBXBuildFile; fileRef = BCF9824E91364F42A0B249DD /* work_sans_bold.ttf */; };
		C266571A00E04726B83F3179 /* work_sans_regular.ttf in Resources */ = {isa = PBXBuildFile; fileRef = D07FDEE2BD67402FA96F3B98 /* work_sans_regular.ttf */; };
		0447599D4B6D4F278D46DF8D /* zapf_humanist601bt_roman.ttf in Resources */ = {isa = PBXBuildFile; fileRef = 9BACA54AA5644FDEBE241F71 /* zapf_humanist601bt_roman.ttf */; };
/* End PBXBuildFile section */

/* Begin PBXContainerItemProxy section */
		00E356F41AD99517003FC87E /* PBXContainerItemProxy */ = {
			isa = PBXContainerItemProxy;
			containerPortal = 83CBB9F71A601CBA00E9B192 /* Project object */;
			proxyType = 1;
			remoteGlobalIDString = 13B07F861A680F5B00A75B9A;
			remoteInfo = NaturaReactComponents;
		};
		2D02E4911E0B4A5D006451C7 /* PBXContainerItemProxy */ = {
			isa = PBXContainerItemProxy;
			containerPortal = 83CBB9F71A601CBA00E9B192 /* Project object */;
			proxyType = 1;
			remoteGlobalIDString = 2D02E47A1E0B4A5D006451C7;
			remoteInfo = "NaturaReactComponents-tvOS";
		};
/* End PBXContainerItemProxy section */

/* Begin PBXFileReference section */
		008F07F21AC5B25A0029DE68 /* main.jsbundle */ = {isa = PBXFileReference; fileEncoding = 4; lastKnownFileType = text; path = main.jsbundle; sourceTree = "<group>"; };
		00E356EE1AD99517003FC87E /* NaturaReactComponentsTests.xctest */ = {isa = PBXFileReference; explicitFileType = wrapper.cfbundle; includeInIndex = 0; path = NaturaReactComponentsTests.xctest; sourceTree = BUILT_PRODUCTS_DIR; };
		00E356F11AD99517003FC87E /* Info.plist */ = {isa = PBXFileReference; lastKnownFileType = text.plist.xml; path = Info.plist; sourceTree = "<group>"; };
		00E356F21AD99517003FC87E /* NaturaReactComponentsTests.m */ = {isa = PBXFileReference; lastKnownFileType = sourcecode.c.objc; path = NaturaReactComponentsTests.m; sourceTree = "<group>"; };
		050D9437388C4967BBD965C5 /* Roboto-Regular.ttf */ = {isa = PBXFileReference; explicitFileType = undefined; fileEncoding = 9; includeInIndex = 0; lastKnownFileType = unknown; name = "Roboto-Regular.ttf"; path = "../lib/assets/fonts/Roboto-Regular.ttf"; sourceTree = "<group>"; };
		069512BDB7C40A41FA8BC2DA /* Pods-NaturaReactComponents.release.xcconfig */ = {isa = PBXFileReference; includeInIndex = 1; lastKnownFileType = text.xcconfig; name = "Pods-NaturaReactComponents.release.xcconfig"; path = "Target Support Files/Pods-NaturaReactComponents/Pods-NaturaReactComponents.release.xcconfig"; sourceTree = "<group>"; };
		0BE8691E469D48C4854CD7C2 /* Montserrat-SemiBold.ttf */ = {isa = PBXFileReference; explicitFileType = undefined; fileEncoding = 9; includeInIndex = 0; lastKnownFileType = unknown; name = "Montserrat-SemiBold.ttf"; path = "../src/assets/fonts/Montserrat-SemiBold.ttf"; sourceTree = "<group>"; };
		12337F190283475F806789B3 /* Roboto-Black.ttf */ = {isa = PBXFileReference; explicitFileType = undefined; fileEncoding = 9; includeInIndex = 0; lastKnownFileType = unknown; name = "Roboto-Black.ttf"; path = "../lib/assets/fonts/Roboto-Black.ttf"; sourceTree = "<group>"; };
		1326B5EB47CB4F22A63330D6 /* Roboto-Bold.ttf */ = {isa = PBXFileReference; explicitFileType = undefined; fileEncoding = 9; includeInIndex = 0; lastKnownFileType = unknown; name = "Roboto-Bold.ttf"; path = "../src/assets/fonts/Roboto-Bold.ttf"; sourceTree = "<group>"; };
		13B07F961A680F5B00A75B9A /* NatDSRNSampleApp.app */ = {isa = PBXFileReference; explicitFileType = wrapper.application; includeInIndex = 0; path = NatDSRNSampleApp.app; sourceTree = BUILT_PRODUCTS_DIR; };
		13B07FAF1A68108700A75B9A /* AppDelegate.h */ = {isa = PBXFileReference; fileEncoding = 4; lastKnownFileType = sourcecode.c.h; name = AppDelegate.h; path = NaturaReactComponents/AppDelegate.h; sourceTree = "<group>"; };
		13B07FB01A68108700A75B9A /* AppDelegate.m */ = {isa = PBXFileReference; fileEncoding = 4; lastKnownFileType = sourcecode.c.objc; name = AppDelegate.m; path = NaturaReactComponents/AppDelegate.m; sourceTree = "<group>"; };
		13B07FB21A68108700A75B9A /* Base */ = {isa = PBXFileReference; lastKnownFileType = file.xib; name = Base; path = Base.lproj/LaunchScreen.xib; sourceTree = "<group>"; };
		13B07FB51A68108700A75B9A /* Images.xcassets */ = {isa = PBXFileReference; lastKnownFileType = folder.assetcatalog; name = Images.xcassets; path = NaturaReactComponents/Images.xcassets; sourceTree = "<group>"; };
		13B07FB61A68108700A75B9A /* Info.plist */ = {isa = PBXFileReference; fileEncoding = 4; lastKnownFileType = text.plist.xml; name = Info.plist; path = NaturaReactComponents/Info.plist; sourceTree = "<group>"; };
		13B07FB71A68108700A75B9A /* main.m */ = {isa = PBXFileReference; fileEncoding = 4; lastKnownFileType = sourcecode.c.objc; name = main.m; path = NaturaReactComponents/main.m; sourceTree = "<group>"; };
		16C12B71B3224DB59F1B5578 /* WorkSans-Regular.ttf */ = {isa = PBXFileReference; explicitFileType = undefined; fileEncoding = 9; includeInIndex = 0; lastKnownFileType = unknown; name = "WorkSans-Regular.ttf"; path = "../src/assets/fonts/WorkSans-Regular.ttf"; sourceTree = "<group>"; };
		18207638E48A5EB947EC2897 /* libPods-NaturaReactComponents-NaturaReactComponentsTests.a */ = {isa = PBXFileReference; explicitFileType = archive.ar; includeInIndex = 0; path = "libPods-NaturaReactComponents-NaturaReactComponentsTests.a"; sourceTree = BUILT_PRODUCTS_DIR; };
		191A857E2453E86D001A532B /* NaturaReactComponents-Bridging-Header.h */ = {isa = PBXFileReference; lastKnownFileType = sourcecode.c.h; path = "NaturaReactComponents-Bridging-Header.h"; sourceTree = "<group>"; };
		191A85812453F74E001A532B /* dummy.swift */ = {isa = PBXFileReference; lastKnownFileType = sourcecode.swift; path = dummy.swift; sourceTree = "<group>"; };
		1C3465D3A474434DB588B8EC /* natds-icons.woff */ = {isa = PBXFileReference; explicitFileType = undefined; fileEncoding = 9; includeInIndex = 0; lastKnownFileType = unknown; name = "natds-icons.woff"; path = "../src/assets/fonts/natds-icons.woff"; sourceTree = "<group>"; };
		2144776E004340A89CBE79EA /* Roboto-Medium.ttf */ = {isa = PBXFileReference; explicitFileType = undefined; fileEncoding = 9; includeInIndex = 0; lastKnownFileType = unknown; name = "Roboto-Medium.ttf"; path = "../lib/assets/fonts/Roboto-Medium.ttf"; sourceTree = "<group>"; };
		21EE5EA907314C1EAA5A9216 /* SuisseIntl-Regular.ttf */ = {isa = PBXFileReference; explicitFileType = undefined; fileEncoding = 9; includeInIndex = 0; lastKnownFileType = unknown; name = "SuisseIntl-Regular.ttf"; path = "../src/assets/fonts/SuisseIntl-Regular.ttf"; sourceTree = "<group>"; };
		225BA6C76C944F62A4966326 /* Roboto-Light.ttf */ = {isa = PBXFileReference; explicitFileType = undefined; fileEncoding = 9; includeInIndex = 0; lastKnownFileType = unknown; name = "Roboto-Light.ttf"; path = "../lib/assets/fonts/Roboto-Light.ttf"; sourceTree = "<group>"; };
		22692A50068B4318BFA631E4 /* Roboto-Light.ttf */ = {isa = PBXFileReference; explicitFileType = undefined; fileEncoding = 9; includeInIndex = 0; lastKnownFileType = unknown; name = "Roboto-Light.ttf"; path = "../src/assets/fonts/Roboto-Light.ttf"; sourceTree = "<group>"; };
		2B4E0DCFE25D49FB95F38DFE /* natds-icons.woff */ = {isa = PBXFileReference; explicitFileType = undefined; fileEncoding = 9; includeInIndex = 0; lastKnownFileType = unknown; name = "natds-icons.woff"; path = "../lib/assets/fonts/natds-icons.woff"; sourceTree = "<group>"; };
		2D02E47B1E0B4A5D006451C7 /* NaturaReactComponents-tvOS.app */ = {isa = PBXFileReference; explicitFileType = wrapper.application; includeInIndex = 0; path = "NaturaReactComponents-tvOS.app"; sourceTree = BUILT_PRODUCTS_DIR; };
		2D02E4901E0B4A5D006451C7 /* NaturaReactComponents-tvOSTests.xctest */ = {isa = PBXFileReference; explicitFileType = wrapper.cfbundle; includeInIndex = 0; path = "NaturaReactComponents-tvOSTests.xctest"; sourceTree = BUILT_PRODUCTS_DIR; };
		2D9924D160884310B8DC29C4 /* ZapfHumanist601BT-Roman.ttf */ = {isa = PBXFileReference; explicitFileType = undefined; fileEncoding = 9; includeInIndex = 0; lastKnownFileType = unknown; name = "ZapfHumanist601BT-Roman.ttf"; path = "../src/assets/fonts/ZapfHumanist601BT-Roman.ttf"; sourceTree = "<group>"; };
		2E2A08D0DE3741EC9BDA9B91 /* NaturaSans-Light.otf */ = {isa = PBXFileReference; explicitFileType = undefined; fileEncoding = 9; includeInIndex = 0; lastKnownFileType = unknown; name = "NaturaSans-Light.otf"; path = "../lib/assets/fonts/NaturaSans-Light.otf"; sourceTree = "<group>"; };
		4AAA991B0D8F43BB879BC5BF /* HelveticaNowDisplay-Md.ttf */ = {isa = PBXFileReference; explicitFileType = undefined; fileEncoding = 9; includeInIndex = 0; lastKnownFileType = unknown; name = "HelveticaNowDisplay-Md.ttf"; path = "../src/assets/fonts/HelveticaNowDisplay-Md.ttf"; sourceTree = "<group>"; };
		4F910D4E2675543E64B2CC57 /* Pods-NaturaReactComponents-NaturaReactComponentsTests.release.xcconfig */ = {isa = PBXFileReference; includeInIndex = 1; lastKnownFileType = text.xcconfig; name = "Pods-NaturaReactComponents-NaturaReactComponentsTests.release.xcconfig"; path = "Target Support Files/Pods-NaturaReactComponents-NaturaReactComponentsTests/Pods-NaturaReactComponents-NaturaReactComponentsTests.release.xcconfig"; sourceTree = "<group>"; };
		4FD45EEBCD0449EA87392818 /* Montserrat-Bold.ttf */ = {isa = PBXFileReference; explicitFileType = undefined; fileEncoding = 9; includeInIndex = 0; lastKnownFileType = unknown; name = "Montserrat-Bold.ttf"; path = "../src/assets/fonts/Montserrat-Bold.ttf"; sourceTree = "<group>"; };
		50080117856C46C1A7B7FE46 /* Roboto-ThinItalic.ttf */ = {isa = PBXFileReference; explicitFileType = undefined; fileEncoding = 9; includeInIndex = 0; lastKnownFileType = unknown; name = "Roboto-ThinItalic.ttf"; path = "../lib/assets/fonts/Roboto-ThinItalic.ttf"; sourceTree = "<group>"; };
		53D48A21423C4BB78C57A8B6 /* Roboto-Italic.ttf */ = {isa = PBXFileReference; explicitFileType = undefined; fileEncoding = 9; includeInIndex = 0; lastKnownFileType = unknown; name = "Roboto-Italic.ttf"; path = "../src/assets/fonts/Roboto-Italic.ttf"; sourceTree = "<group>"; };
		5ED5C123FCC0423FB744A60B /* natds-icons.ttf */ = {isa = PBXFileReference; explicitFileType = undefined; fileEncoding = 9; includeInIndex = 0; lastKnownFileType = unknown; name = "natds-icons.ttf"; path = "../src/assets/fonts/natds-icons.ttf"; sourceTree = "<group>"; };
		6DC94B83174C4234A68172DF /* Roboto-MediumItalic.ttf */ = {isa = PBXFileReference; explicitFileType = undefined; fileEncoding = 9; includeInIndex = 0; lastKnownFileType = unknown; name = "Roboto-MediumItalic.ttf"; path = "../lib/assets/fonts/Roboto-MediumItalic.ttf"; sourceTree = "<group>"; };
		70B97FA3DC984789943D17F8 /* Roboto-Regular.ttf */ = {isa = PBXFileReference; explicitFileType = undefined; fileEncoding = 9; includeInIndex = 0; lastKnownFileType = unknown; name = "Roboto-Regular.ttf"; path = "../src/assets/fonts/Roboto-Regular.ttf"; sourceTree = "<group>"; };
		76D066C242E343FB80C2336E /* Roboto-Italic.ttf */ = {isa = PBXFileReference; explicitFileType = undefined; fileEncoding = 9; includeInIndex = 0; lastKnownFileType = unknown; name = "Roboto-Italic.ttf"; path = "../lib/assets/fonts/Roboto-Italic.ttf"; sourceTree = "<group>"; };
		7963EBFC3063ED00E8AB01D9 /* libPods-NaturaReactComponents.a */ = {isa = PBXFileReference; explicitFileType = archive.ar; includeInIndex = 0; path = "libPods-NaturaReactComponents.a"; sourceTree = BUILT_PRODUCTS_DIR; };
		82C08DE0FCB040E69EF16AEE /* DrukCy-Bold.ttf */ = {isa = PBXFileReference; explicitFileType = undefined; fileEncoding = 9; includeInIndex = 0; lastKnownFileType = unknown; name = "DrukCy-Bold.ttf"; path = "../src/assets/fonts/DrukCy-Bold.ttf"; sourceTree = "<group>"; };
		91D1C51025194B1AB3699394 /* WorkSans-Bold.ttf */ = {isa = PBXFileReference; explicitFileType = undefined; fileEncoding = 9; includeInIndex = 0; lastKnownFileType = unknown; name = "WorkSans-Bold.ttf"; path = "../src/assets/fonts/WorkSans-Bold.ttf"; sourceTree = "<group>"; };
		9542ADA36A9F4B55A7CC1360 /* natds-icons.svg */ = {isa = PBXFileReference; explicitFileType = undefined; fileEncoding = 9; includeInIndex = 0; lastKnownFileType = unknown; name = "natds-icons.svg"; path = "../src/assets/fonts/natds-icons.svg"; sourceTree = "<group>"; };
		96943E1C18F84E1DAE1BB400 /* Roboto-Black.ttf */ = {isa = PBXFileReference; explicitFileType = undefined; fileEncoding = 9; includeInIndex = 0; lastKnownFileType = unknown; name = "Roboto-Black.ttf"; path = "../src/assets/fonts/Roboto-Black.ttf"; sourceTree = "<group>"; };
		9C08C4BFD0F3490E95B4EEF7 /* natds-icons.woff2 */ = {isa = PBXFileReference; explicitFileType = undefined; fileEncoding = 9; includeInIndex = 0; lastKnownFileType = unknown; name = "natds-icons.woff2"; path = "../src/assets/fonts/natds-icons.woff2"; sourceTree = "<group>"; };
		9E26B35BBCD84C3C8DC8FEC1 /* HelveticaNowDisplay-Regular.ttf */ = {isa = PBXFileReference; explicitFileType = undefined; fileEncoding = 9; includeInIndex = 0; lastKnownFileType = unknown; name = "HelveticaNowDisplay-Regular.ttf"; path = "../src/assets/fonts/HelveticaNowDisplay-Regular.ttf"; sourceTree = "<group>"; };
		9E6A91FA379DB03038A5E6D4 /* Pods-NaturaReactComponentsTests.release.xcconfig */ = {isa = PBXFileReference; includeInIndex = 1; lastKnownFileType = text.xcconfig; name = "Pods-NaturaReactComponentsTests.release.xcconfig"; path = "Target Support Files/Pods-NaturaReactComponentsTests/Pods-NaturaReactComponentsTests.release.xcconfig"; sourceTree = "<group>"; };
		9F6853E3AEB74490A6980355 /* Roboto-MediumItalic.ttf */ = {isa = PBXFileReference; explicitFileType = undefined; fileEncoding = 9; includeInIndex = 0; lastKnownFileType = unknown; name = "Roboto-MediumItalic.ttf"; path = "../src/assets/fonts/Roboto-MediumItalic.ttf"; sourceTree = "<group>"; };
		A235607A197A4DB2B301CDA3 /* Roboto-Thin.ttf */ = {isa = PBXFileReference; explicitFileType = undefined; fileEncoding = 9; includeInIndex = 0; lastKnownFileType = unknown; name = "Roboto-Thin.ttf"; path = "../src/assets/fonts/Roboto-Thin.ttf"; sourceTree = "<group>"; };
		A6FE89368F1C4FC78AEA02DC /* Roboto-BlackItalic.ttf */ = {isa = PBXFileReference; explicitFileType = undefined; fileEncoding = 9; includeInIndex = 0; lastKnownFileType = unknown; name = "Roboto-BlackItalic.ttf"; path = "../lib/assets/fonts/Roboto-BlackItalic.ttf"; sourceTree = "<group>"; };
		AA07B9CA14A044688C2E45B3 /* Roboto-LightItalic.ttf */ = {isa = PBXFileReference; explicitFileType = undefined; fileEncoding = 9; includeInIndex = 0; lastKnownFileType = unknown; name = "Roboto-LightItalic.ttf"; path = "../lib/assets/fonts/Roboto-LightItalic.ttf"; sourceTree = "<group>"; };
		ACB3C07D040D928D77136F03 /* Pods-NaturaReactComponents.debug.xcconfig */ = {isa = PBXFileReference; includeInIndex = 1; lastKnownFileType = text.xcconfig; name = "Pods-NaturaReactComponents.debug.xcconfig"; path = "Target Support Files/Pods-NaturaReactComponents/Pods-NaturaReactComponents.debug.xcconfig"; sourceTree = "<group>"; };
		ADC473A511514A9192A4A9C6 /* natds-icons.svg */ = {isa = PBXFileReference; explicitFileType = undefined; fileEncoding = 9; includeInIndex = 0; lastKnownFileType = unknown; name = "natds-icons.svg"; path = "../lib/assets/fonts/natds-icons.svg"; sourceTree = "<group>"; };
		B30D8BFCEE554A618192478F /* Roboto-LightItalic.ttf */ = {isa = PBXFileReference; explicitFileType = undefined; fileEncoding = 9; includeInIndex = 0; lastKnownFileType = unknown; name = "Roboto-LightItalic.ttf"; path = "../src/assets/fonts/Roboto-LightItalic.ttf"; sourceTree = "<group>"; };
		B5F5F0EB21AC412895CD2221 /* Roboto-ThinItalic.ttf */ = {isa = PBXFileReference; explicitFileType = undefined; fileEncoding = 9; includeInIndex = 0; lastKnownFileType = unknown; name = "Roboto-ThinItalic.ttf"; path = "../src/assets/fonts/Roboto-ThinItalic.ttf"; sourceTree = "<group>"; };
		B6D5F433DF0F1985CD52ACBB /* Pods-NaturaReactComponentsTests.debug.xcconfig */ = {isa = PBXFileReference; includeInIndex = 1; lastKnownFileType = text.xcconfig; name = "Pods-NaturaReactComponentsTests.debug.xcconfig"; path = "Target Support Files/Pods-NaturaReactComponentsTests/Pods-NaturaReactComponentsTests.debug.xcconfig"; sourceTree = "<group>"; };
		B8AFA213D9ED4F7288A7C837 /* HelveticaNowDisplay-Bd.ttf */ = {isa = PBXFileReference; explicitFileType = undefined; fileEncoding = 9; includeInIndex = 0; lastKnownFileType = unknown; name = "HelveticaNowDisplay-Bd.ttf"; path = "../src/assets/fonts/HelveticaNowDisplay-Bd.ttf"; sourceTree = "<group>"; };
		BB30EC4FC9644B049A890322 /* NaturaSans-Regular.otf */ = {isa = PBXFileReference; explicitFileType = undefined; fileEncoding = 9; includeInIndex = 0; lastKnownFileType = unknown; name = "NaturaSans-Regular.otf"; path = "../lib/assets/fonts/NaturaSans-Regular.otf"; sourceTree = "<group>"; };
		C0A38195C340458CBD005485 /* Roboto-Medium.ttf */ = {isa = PBXFileReference; explicitFileType = undefined; fileEncoding = 9; includeInIndex = 0; lastKnownFileType = unknown; name = "Roboto-Medium.ttf"; path = "../src/assets/fonts/Roboto-Medium.ttf"; sourceTree = "<group>"; };
		C240D6C83E634002814C99AD /* Recoleta-SemiBold.ttf */ = {isa = PBXFileReference; explicitFileType = undefined; fileEncoding = 9; includeInIndex = 0; lastKnownFileType = unknown; name = "Recoleta-SemiBold.ttf"; path = "../src/assets/fonts/Recoleta-SemiBold.ttf"; sourceTree = "<group>"; };
		C2668511CAE448D7B81BFB54 /* Roboto-BoldItalic.ttf */ = {isa = PBXFileReference; explicitFileType = undefined; fileEncoding = 9; includeInIndex = 0; lastKnownFileType = unknown; name = "Roboto-BoldItalic.ttf"; path = "../lib/assets/fonts/Roboto-BoldItalic.ttf"; sourceTree = "<group>"; };
		C2F779305C854E9B9E72BBFE /* Roboto-Thin.ttf */ = {isa = PBXFileReference; explicitFileType = undefined; fileEncoding = 9; includeInIndex = 0; lastKnownFileType = unknown; name = "Roboto-Thin.ttf"; path = "../lib/assets/fonts/Roboto-Thin.ttf"; sourceTree = "<group>"; };
		C99DD50EBFE24A1BA366EA67 /* NaturaScript.otf */ = {isa = PBXFileReference; explicitFileType = undefined; fileEncoding = 9; includeInIndex = 0; lastKnownFileType = unknown; name = NaturaScript.otf; path = ../lib/assets/fonts/NaturaScript.otf; sourceTree = "<group>"; };
		CBCAEDAC33A742AD85BE276A /* Roboto-Bold.ttf */ = {isa = PBXFileReference; explicitFileType = undefined; fileEncoding = 9; includeInIndex = 0; lastKnownFileType = unknown; name = "Roboto-Bold.ttf"; path = "../lib/assets/fonts/Roboto-Bold.ttf"; sourceTree = "<group>"; };
		D0642809588A67508E542E26 /* Pods-NaturaReactComponents-NaturaReactComponentsTests.debug.xcconfig */ = {isa = PBXFileReference; includeInIndex = 1; lastKnownFileType = text.xcconfig; name = "Pods-NaturaReactComponents-NaturaReactComponentsTests.debug.xcconfig"; path = "Target Support Files/Pods-NaturaReactComponents-NaturaReactComponentsTests/Pods-NaturaReactComponents-NaturaReactComponentsTests.debug.xcconfig"; sourceTree = "<group>"; };
		D2BB2EFB355347578C7D804B /* Montserrat-Regular.ttf */ = {isa = PBXFileReference; explicitFileType = undefined; fileEncoding = 9; includeInIndex = 0; lastKnownFileType = unknown; name = "Montserrat-Regular.ttf"; path = "../src/assets/fonts/Montserrat-Regular.ttf"; sourceTree = "<group>"; };
		D4FDBDC81C6749B18D159638 /* natds-icons.ttf */ = {isa = PBXFileReference; explicitFileType = undefined; fileEncoding = 9; includeInIndex = 0; lastKnownFileType = unknown; name = "natds-icons.ttf"; path = "../lib/assets/fonts/natds-icons.ttf"; sourceTree = "<group>"; };
		DFF9F16ED7B344AEB8BB33D7 /* Roboto-BoldItalic.ttf */ = {isa = PBXFileReference; explicitFileType = undefined; fileEncoding = 9; includeInIndex = 0; lastKnownFileType = unknown; name = "Roboto-BoldItalic.ttf"; path = "../src/assets/fonts/Roboto-BoldItalic.ttf"; sourceTree = "<group>"; };
		ED297162215061F000B7C4FE /* JavaScriptCore.framework */ = {isa = PBXFileReference; lastKnownFileType = wrapper.framework; name = JavaScriptCore.framework; path = System/Library/Frameworks/JavaScriptCore.framework; sourceTree = SDKROOT; };
		ED2971642150620600B7C4FE /* JavaScriptCore.framework */ = {isa = PBXFileReference; lastKnownFileType = wrapper.framework; name = JavaScriptCore.framework; path = Platforms/AppleTVOS.platform/Developer/SDKs/AppleTVOS12.0.sdk/System/Library/Frameworks/JavaScriptCore.framework; sourceTree = DEVELOPER_DIR; };
		EE52BED68DDB4E798C637857 /* Roboto-BlackItalic.ttf */ = {isa = PBXFileReference; explicitFileType = undefined; fileEncoding = 9; includeInIndex = 0; lastKnownFileType = unknown; name = "Roboto-BlackItalic.ttf"; path = "../src/assets/fonts/Roboto-BlackItalic.ttf"; sourceTree = "<group>"; };
		EEF7E11139C44655B0C1F181 /* NaturaSans-Bold.otf */ = {isa = PBXFileReference; explicitFileType = undefined; fileEncoding = 9; includeInIndex = 0; lastKnownFileType = unknown; name = "NaturaSans-Bold.otf"; path = "../lib/assets/fonts/NaturaSans-Bold.otf"; sourceTree = "<group>"; };
		F787AC809C1A4DB8A9109F3D /* natds-icons.woff2 */ = {isa = PBXFileReference; explicitFileType = undefined; fileEncoding = 9; includeInIndex = 0; lastKnownFileType = unknown; name = "natds-icons.woff2"; path = "../lib/assets/fonts/natds-icons.woff2"; sourceTree = "<group>"; };
		429186D6F1034537A56DE44C /* druk_cy_bold.ttf */ = {isa = PBXFileReference; name = "druk_cy_bold.ttf"; path = "../src/assets/fonts/druk_cy_bold.ttf"; sourceTree = "<group>"; fileEncoding = undefined; lastKnownFileType = unknown; explicitFileType = undefined; includeInIndex = 0; };
		EF62064B22FA4969A2C1CE51 /* helvetica_now_display_bd.ttf */ = {isa = PBXFileReference; name = "helvetica_now_display_bd.ttf"; path = "../src/assets/fonts/helvetica_now_display_bd.ttf"; sourceTree = "<group>"; fileEncoding = undefined; lastKnownFileType = unknown; explicitFileType = undefined; includeInIndex = 0; };
		A99A6962B26448BDA25D7F06 /* helvetica_now_display_md.ttf */ = {isa = PBXFileReference; name = "helvetica_now_display_md.ttf"; path = "../src/assets/fonts/helvetica_now_display_md.ttf"; sourceTree = "<group>"; fileEncoding = undefined; lastKnownFileType = unknown; explicitFileType = undefined; includeInIndex = 0; };
		C03AC8A6C6D546DB8B8C73B4 /* helvetica_now_display_regular.ttf */ = {isa = PBXFileReference; name = "helvetica_now_display_regular.ttf"; path = "../src/assets/fonts/helvetica_now_display_regular.ttf"; sourceTree = "<group>"; fileEncoding = undefined; lastKnownFileType = unknown; explicitFileType = undefined; includeInIndex = 0; };
		1E99256B09334039A7F05F1C /* montserrat_bold.ttf */ = {isa = PBXFileReference; name = "montserrat_bold.ttf"; path = "../src/assets/fonts/montserrat_bold.ttf"; sourceTree = "<group>"; fileEncoding = undefined; lastKnownFileType = unknown; explicitFileType = undefined; includeInIndex = 0; };
		C7893D5549D34416A04F239E /* montserrat_regular.ttf */ = {isa = PBXFileReference; name = "montserrat_regular.ttf"; path = "../src/assets/fonts/montserrat_regular.ttf"; sourceTree = "<group>"; fileEncoding = undefined; lastKnownFileType = unknown; explicitFileType = undefined; includeInIndex = 0; };
		4C8F9C46681E49EA9692C1BB /* montserrat_semi_bold.ttf */ = {isa = PBXFileReference; name = "montserrat_semi_bold.ttf"; path = "../src/assets/fonts/montserrat_semi_bold.ttf"; sourceTree = "<group>"; fileEncoding = undefined; lastKnownFileType = unknown; explicitFileType = undefined; includeInIndex = 0; };
		EE0524D085D04155BCE5DE7A /* recoleta_semi_bold.ttf */ = {isa = PBXFileReference; name = "recoleta_semi_bold.ttf"; path = "../src/assets/fonts/recoleta_semi_bold.ttf"; sourceTree = "<group>"; fileEncoding = undefined; lastKnownFileType = unknown; explicitFileType = undefined; includeInIndex = 0; };
		4745E3D0B20A4350BDFC01FE /* suisse_intl_medium.ttf */ = {isa = PBXFileReference; name = "suisse_intl_medium.ttf"; path = "../src/assets/fonts/suisse_intl_medium.ttf"; sourceTree = "<group>"; fileEncoding = undefined; lastKnownFileType = unknown; explicitFileType = undefined; includeInIndex = 0; };
		4C375907B2A64E87B642AD99 /* suisse_intl_regular.ttf */ = {isa = PBXFileReference; name = "suisse_intl_regular.ttf"; path = "../src/assets/fonts/suisse_intl_regular.ttf"; sourceTree = "<group>"; fileEncoding = undefined; lastKnownFileType = unknown; explicitFileType = undefined; includeInIndex = 0; };
		BCF9824E91364F42A0B249DD /* work_sans_bold.ttf */ = {isa = PBXFileReference; name = "work_sans_bold.ttf"; path = "../src/assets/fonts/work_sans_bold.ttf"; sourceTree = "<group>"; fileEncoding = undefined; lastKnownFileType = unknown; explicitFileType = undefined; includeInIndex = 0; };
		D07FDEE2BD67402FA96F3B98 /* work_sans_regular.ttf */ = {isa = PBXFileReference; name = "work_sans_regular.ttf"; path = "../src/assets/fonts/work_sans_regular.ttf"; sourceTree = "<group>"; fileEncoding = undefined; lastKnownFileType = unknown; explicitFileType = undefined; includeInIndex = 0; };
		9BACA54AA5644FDEBE241F71 /* zapf_humanist601bt_roman.ttf */ = {isa = PBXFileReference; name = "zapf_humanist601bt_roman.ttf"; path = "../src/assets/fonts/zapf_humanist601bt_roman.ttf"; sourceTree = "<group>"; fileEncoding = undefined; lastKnownFileType = unknown; explicitFileType = undefined; includeInIndex = 0; };
/* End PBXFileReference section */

/* Begin PBXFrameworksBuildPhase section */
		00E356EB1AD99517003FC87E /* Frameworks */ = {
			isa = PBXFrameworksBuildPhase;
			buildActionMask = 2147483647;
			files = (
				C48C1BD0544FB138710CA898 /* libPods-NaturaReactComponents-NaturaReactComponentsTests.a in Frameworks */,
			);
			runOnlyForDeploymentPostprocessing = 0;
		};
		13B07F8C1A680F5B00A75B9A /* Frameworks */ = {
			isa = PBXFrameworksBuildPhase;
			buildActionMask = 2147483647;
			files = (
				8C35FA480294E58F24259362 /* libPods-NaturaReactComponents.a in Frameworks */,
			);
			runOnlyForDeploymentPostprocessing = 0;
		};
		2D02E4781E0B4A5D006451C7 /* Frameworks */ = {
			isa = PBXFrameworksBuildPhase;
			buildActionMask = 2147483647;
			files = (
			);
			runOnlyForDeploymentPostprocessing = 0;
		};
		2D02E48D1E0B4A5D006451C7 /* Frameworks */ = {
			isa = PBXFrameworksBuildPhase;
			buildActionMask = 2147483647;
			files = (
			);
			runOnlyForDeploymentPostprocessing = 0;
		};
/* End PBXFrameworksBuildPhase section */

/* Begin PBXGroup section */
		00E356EF1AD99517003FC87E /* NaturaReactComponentsTests */ = {
			isa = PBXGroup;
			children = (
				00E356F21AD99517003FC87E /* NaturaReactComponentsTests.m */,
				00E356F01AD99517003FC87E /* Supporting Files */,
			);
			path = NaturaReactComponentsTests;
			sourceTree = "<group>";
		};
		00E356F01AD99517003FC87E /* Supporting Files */ = {
			isa = PBXGroup;
			children = (
				00E356F11AD99517003FC87E /* Info.plist */,
			);
			name = "Supporting Files";
			sourceTree = "<group>";
		};
		13B07FAE1A68108700A75B9A /* NaturaReactComponents */ = {
			isa = PBXGroup;
			children = (
				008F07F21AC5B25A0029DE68 /* main.jsbundle */,
				13B07FAF1A68108700A75B9A /* AppDelegate.h */,
				13B07FB01A68108700A75B9A /* AppDelegate.m */,
				191A85812453F74E001A532B /* dummy.swift */,
				13B07FB51A68108700A75B9A /* Images.xcassets */,
				13B07FB61A68108700A75B9A /* Info.plist */,
				13B07FB11A68108700A75B9A /* LaunchScreen.xib */,
				13B07FB71A68108700A75B9A /* main.m */,
				191A857E2453E86D001A532B /* NaturaReactComponents-Bridging-Header.h */,
			);
			name = NaturaReactComponents;
			sourceTree = "<group>";
		};
		21DE52DCD427F5798C5EDE66 /* Pods */ = {
			isa = PBXGroup;
			children = (
				ACB3C07D040D928D77136F03 /* Pods-NaturaReactComponents.debug.xcconfig */,
				069512BDB7C40A41FA8BC2DA /* Pods-NaturaReactComponents.release.xcconfig */,
				B6D5F433DF0F1985CD52ACBB /* Pods-NaturaReactComponentsTests.debug.xcconfig */,
				9E6A91FA379DB03038A5E6D4 /* Pods-NaturaReactComponentsTests.release.xcconfig */,
				D0642809588A67508E542E26 /* Pods-NaturaReactComponents-NaturaReactComponentsTests.debug.xcconfig */,
				4F910D4E2675543E64B2CC57 /* Pods-NaturaReactComponents-NaturaReactComponentsTests.release.xcconfig */,
			);
			path = Pods;
			sourceTree = "<group>";
		};
		2D16E6871FA4F8E400B85C8A /* Frameworks */ = {
			isa = PBXGroup;
			children = (
				ED297162215061F000B7C4FE /* JavaScriptCore.framework */,
				ED2971642150620600B7C4FE /* JavaScriptCore.framework */,
				7963EBFC3063ED00E8AB01D9 /* libPods-NaturaReactComponents.a */,
				18207638E48A5EB947EC2897 /* libPods-NaturaReactComponents-NaturaReactComponentsTests.a */,
			);
			name = Frameworks;
			sourceTree = "<group>";
		};
		832341AE1AAA6A7D00B99B32 /* Libraries */ = {
			isa = PBXGroup;
			children = (
			);
			name = Libraries;
			sourceTree = "<group>";
		};
		83CBB9F61A601CBA00E9B192 = {
			isa = PBXGroup;
			children = (
				13B07FAE1A68108700A75B9A /* NaturaReactComponents */,
				832341AE1AAA6A7D00B99B32 /* Libraries */,
				00E356EF1AD99517003FC87E /* NaturaReactComponentsTests */,
				83CBBA001A601CBA00E9B192 /* Products */,
				2D16E6871FA4F8E400B85C8A /* Frameworks */,
				21DE52DCD427F5798C5EDE66 /* Pods */,
				CDC1E5C76B4345E1AE8BD43E /* Resources */,
			);
			indentWidth = 2;
			sourceTree = "<group>";
			tabWidth = 2;
			usesTabs = 0;
		};
		83CBBA001A601CBA00E9B192 /* Products */ = {
			isa = PBXGroup;
			children = (
				13B07F961A680F5B00A75B9A /* NatDSRNSampleApp.app */,
				00E356EE1AD99517003FC87E /* NaturaReactComponentsTests.xctest */,
				2D02E47B1E0B4A5D006451C7 /* NaturaReactComponents-tvOS.app */,
				2D02E4901E0B4A5D006451C7 /* NaturaReactComponents-tvOSTests.xctest */,
			);
			name = Products;
			sourceTree = "<group>";
		};
		CDC1E5C76B4345E1AE8BD43E /* Resources */ = {
			isa = PBXGroup;
			children = (
				ADC473A511514A9192A4A9C6 /* natds-icons.svg */,
				D4FDBDC81C6749B18D159638 /* natds-icons.ttf */,
				2B4E0DCFE25D49FB95F38DFE /* natds-icons.woff */,
				F787AC809C1A4DB8A9109F3D /* natds-icons.woff2 */,
				EEF7E11139C44655B0C1F181 /* NaturaSans-Bold.otf */,
				2E2A08D0DE3741EC9BDA9B91 /* NaturaSans-Light.otf */,
				BB30EC4FC9644B049A890322 /* NaturaSans-Regular.otf */,
				C99DD50EBFE24A1BA366EA67 /* NaturaScript.otf */,
				12337F190283475F806789B3 /* Roboto-Black.ttf */,
				A6FE89368F1C4FC78AEA02DC /* Roboto-BlackItalic.ttf */,
				CBCAEDAC33A742AD85BE276A /* Roboto-Bold.ttf */,
				C2668511CAE448D7B81BFB54 /* Roboto-BoldItalic.ttf */,
				76D066C242E343FB80C2336E /* Roboto-Italic.ttf */,
				225BA6C76C944F62A4966326 /* Roboto-Light.ttf */,
				AA07B9CA14A044688C2E45B3 /* Roboto-LightItalic.ttf */,
				2144776E004340A89CBE79EA /* Roboto-Medium.ttf */,
				6DC94B83174C4234A68172DF /* Roboto-MediumItalic.ttf */,
				050D9437388C4967BBD965C5 /* Roboto-Regular.ttf */,
				C2F779305C854E9B9E72BBFE /* Roboto-Thin.ttf */,
				50080117856C46C1A7B7FE46 /* Roboto-ThinItalic.ttf */,
				9542ADA36A9F4B55A7CC1360 /* natds-icons.svg */,
				5ED5C123FCC0423FB744A60B /* natds-icons.ttf */,
				1C3465D3A474434DB588B8EC /* natds-icons.woff */,
				9C08C4BFD0F3490E95B4EEF7 /* natds-icons.woff2 */,
				96943E1C18F84E1DAE1BB400 /* Roboto-Black.ttf */,
				EE52BED68DDB4E798C637857 /* Roboto-BlackItalic.ttf */,
				1326B5EB47CB4F22A63330D6 /* Roboto-Bold.ttf */,
				DFF9F16ED7B344AEB8BB33D7 /* Roboto-BoldItalic.ttf */,
				53D48A21423C4BB78C57A8B6 /* Roboto-Italic.ttf */,
				22692A50068B4318BFA631E4 /* Roboto-Light.ttf */,
				B30D8BFCEE554A618192478F /* Roboto-LightItalic.ttf */,
				C0A38195C340458CBD005485 /* Roboto-Medium.ttf */,
				9F6853E3AEB74490A6980355 /* Roboto-MediumItalic.ttf */,
				70B97FA3DC984789943D17F8 /* Roboto-Regular.ttf */,
				A235607A197A4DB2B301CDA3 /* Roboto-Thin.ttf */,
				B5F5F0EB21AC412895CD2221 /* Roboto-ThinItalic.ttf */,
				82C08DE0FCB040E69EF16AEE /* DrukCy-Bold.ttf */,
				B8AFA213D9ED4F7288A7C837 /* HelveticaNowDisplay-Bd.ttf */,
				4AAA991B0D8F43BB879BC5BF /* HelveticaNowDisplay-Md.ttf */,
				9E26B35BBCD84C3C8DC8FEC1 /* HelveticaNowDisplay-Regular.ttf */,
				4FD45EEBCD0449EA87392818 /* Montserrat-Bold.ttf */,
				D2BB2EFB355347578C7D804B /* Montserrat-Regular.ttf */,
				0BE8691E469D48C4854CD7C2 /* Montserrat-SemiBold.ttf */,
				C240D6C83E634002814C99AD /* Recoleta-SemiBold.ttf */,
				21EE5EA907314C1EAA5A9216 /* SuisseIntl-Regular.ttf */,
				91D1C51025194B1AB3699394 /* WorkSans-Bold.ttf */,
				16C12B71B3224DB59F1B5578 /* WorkSans-Regular.ttf */,
				2D9924D160884310B8DC29C4 /* ZapfHumanist601BT-Roman.ttf */,
				429186D6F1034537A56DE44C /* druk_cy_bold.ttf */,
				EF62064B22FA4969A2C1CE51 /* helvetica_now_display_bd.ttf */,
				A99A6962B26448BDA25D7F06 /* helvetica_now_display_md.ttf */,
				C03AC8A6C6D546DB8B8C73B4 /* helvetica_now_display_regular.ttf */,
				1E99256B09334039A7F05F1C /* montserrat_bold.ttf */,
				C7893D5549D34416A04F239E /* montserrat_regular.ttf */,
				4C8F9C46681E49EA9692C1BB /* montserrat_semi_bold.ttf */,
				EE0524D085D04155BCE5DE7A /* recoleta_semi_bold.ttf */,
				4745E3D0B20A4350BDFC01FE /* suisse_intl_medium.ttf */,
				4C375907B2A64E87B642AD99 /* suisse_intl_regular.ttf */,
				BCF9824E91364F42A0B249DD /* work_sans_bold.ttf */,
				D07FDEE2BD67402FA96F3B98 /* work_sans_regular.ttf */,
				9BACA54AA5644FDEBE241F71 /* zapf_humanist601bt_roman.ttf */,
			);
			name = Resources;
			sourceTree = "<group>";
		};
/* End PBXGroup section */

/* Begin PBXNativeTarget section */
		00E356ED1AD99517003FC87E /* NaturaReactComponentsTests */ = {
			isa = PBXNativeTarget;
			buildConfigurationList = 00E357021AD99517003FC87E /* Build configuration list for PBXNativeTarget "NaturaReactComponentsTests" */;
			buildPhases = (
				F6E624C3BDC343714B851699 /* [CP] Check Pods Manifest.lock */,
				00E356EA1AD99517003FC87E /* Sources */,
				00E356EB1AD99517003FC87E /* Frameworks */,
				00E356EC1AD99517003FC87E /* Resources */,
				07463EE6DC59B2F8AD6226B7 /* [CP] Embed Pods Frameworks */,
				6754B80F4A4D5C413A7EA476 /* [CP] Copy Pods Resources */,
			);
			buildRules = (
			);
			dependencies = (
				00E356F51AD99517003FC87E /* PBXTargetDependency */,
			);
			name = NaturaReactComponentsTests;
			productName = NaturaReactComponentsTests;
			productReference = 00E356EE1AD99517003FC87E /* NaturaReactComponentsTests.xctest */;
			productType = "com.apple.product-type.bundle.unit-test";
		};
		13B07F861A680F5B00A75B9A /* NaturaReactComponents */ = {
			isa = PBXNativeTarget;
			buildConfigurationList = 13B07F931A680F5B00A75B9A /* Build configuration list for PBXNativeTarget "NaturaReactComponents" */;
			buildPhases = (
				650D5C9D1E21F91D9EBE81DC /* [CP] Check Pods Manifest.lock */,
				FD10A7F022414F080027D42C /* Start Packager */,
				13B07F871A680F5B00A75B9A /* Sources */,
				13B07F8C1A680F5B00A75B9A /* Frameworks */,
				13B07F8E1A680F5B00A75B9A /* Resources */,
				00DD1BFF1BD5951E006B06BC /* Bundle React Native code and images */,
				6D8506C07BBDB6A8C81966F8 /* [CP] Embed Pods Frameworks */,
				36589991FF2F4D1D444B0D94 /* [CP] Copy Pods Resources */,
			);
			buildRules = (
			);
			dependencies = (
			);
			name = NaturaReactComponents;
			productName = NaturaReactComponents;
			productReference = 13B07F961A680F5B00A75B9A /* NatDSRNSampleApp.app */;
			productType = "com.apple.product-type.application";
		};
		2D02E47A1E0B4A5D006451C7 /* NaturaReactComponents-tvOS */ = {
			isa = PBXNativeTarget;
			buildConfigurationList = 2D02E4BA1E0B4A5E006451C7 /* Build configuration list for PBXNativeTarget "NaturaReactComponents-tvOS" */;
			buildPhases = (
				FD10A7F122414F3F0027D42C /* Start Packager */,
				2D02E4771E0B4A5D006451C7 /* Sources */,
				2D02E4781E0B4A5D006451C7 /* Frameworks */,
				2D02E4791E0B4A5D006451C7 /* Resources */,
				2D02E4CB1E0B4B27006451C7 /* Bundle React Native Code And Images */,
			);
			buildRules = (
			);
			dependencies = (
			);
			name = "NaturaReactComponents-tvOS";
			productName = "NaturaReactComponents-tvOS";
			productReference = 2D02E47B1E0B4A5D006451C7 /* NaturaReactComponents-tvOS.app */;
			productType = "com.apple.product-type.application";
		};
		2D02E48F1E0B4A5D006451C7 /* NaturaReactComponents-tvOSTests */ = {
			isa = PBXNativeTarget;
			buildConfigurationList = 2D02E4BB1E0B4A5E006451C7 /* Build configuration list for PBXNativeTarget "NaturaReactComponents-tvOSTests" */;
			buildPhases = (
				2D02E48C1E0B4A5D006451C7 /* Sources */,
				2D02E48D1E0B4A5D006451C7 /* Frameworks */,
				2D02E48E1E0B4A5D006451C7 /* Resources */,
			);
			buildRules = (
			);
			dependencies = (
				2D02E4921E0B4A5D006451C7 /* PBXTargetDependency */,
			);
			name = "NaturaReactComponents-tvOSTests";
			productName = "NaturaReactComponents-tvOSTests";
			productReference = 2D02E4901E0B4A5D006451C7 /* NaturaReactComponents-tvOSTests.xctest */;
			productType = "com.apple.product-type.bundle.unit-test";
		};
/* End PBXNativeTarget section */

/* Begin PBXProject section */
		83CBB9F71A601CBA00E9B192 /* Project object */ = {
			isa = PBXProject;
			attributes = {
				LastUpgradeCheck = 1140;
				ORGANIZATIONNAME = "Natura Cosmeticos";
				TargetAttributes = {
					00E356ED1AD99517003FC87E = {
						CreatedOnToolsVersion = 6.2;
						TestTargetID = 13B07F861A680F5B00A75B9A;
					};
					13B07F861A680F5B00A75B9A = {
						DevelopmentTeam = XUT82JX72R;
						LastSwiftMigration = 1140;
						ProvisioningStyle = Manual;
					};
					2D02E47A1E0B4A5D006451C7 = {
						CreatedOnToolsVersion = 8.2.1;
						ProvisioningStyle = Automatic;
					};
					2D02E48F1E0B4A5D006451C7 = {
						CreatedOnToolsVersion = 8.2.1;
						ProvisioningStyle = Automatic;
						TestTargetID = 2D02E47A1E0B4A5D006451C7;
					};
				};
			};
			buildConfigurationList = 83CBB9FA1A601CBA00E9B192 /* Build configuration list for PBXProject "NaturaReactComponents" */;
			compatibilityVersion = "Xcode 3.2";
			developmentRegion = en;
			hasScannedForEncodings = 0;
			knownRegions = (
				en,
				Base,
			);
			mainGroup = 83CBB9F61A601CBA00E9B192;
			productRefGroup = 83CBBA001A601CBA00E9B192 /* Products */;
			projectDirPath = "";
			projectRoot = "";
			targets = (
				13B07F861A680F5B00A75B9A /* NaturaReactComponents */,
				00E356ED1AD99517003FC87E /* NaturaReactComponentsTests */,
				2D02E47A1E0B4A5D006451C7 /* NaturaReactComponents-tvOS */,
				2D02E48F1E0B4A5D006451C7 /* NaturaReactComponents-tvOSTests */,
			);
		};
/* End PBXProject section */

/* Begin PBXResourcesBuildPhase section */
		00E356EC1AD99517003FC87E /* Resources */ = {
			isa = PBXResourcesBuildPhase;
			buildActionMask = 2147483647;
			files = (
			);
			runOnlyForDeploymentPostprocessing = 0;
		};
		13B07F8E1A680F5B00A75B9A /* Resources */ = {
			isa = PBXResourcesBuildPhase;
			buildActionMask = 2147483647;
			files = (
				13B07FBF1A68108700A75B9A /* Images.xcassets in Resources */,
				13B07FBD1A68108700A75B9A /* LaunchScreen.xib in Resources */,
				3E4C0BE1B0F6460EB42E52C0 /* natds-icons.svg in Resources */,
				07F5EE2230844252BBD64B59 /* natds-icons.ttf in Resources */,
				857A4ED000354135860F7F84 /* natds-icons.woff in Resources */,
				5D389829DB484069A3E1AE4B /* natds-icons.woff2 in Resources */,
				4265746FB35E41999DF75AAF /* Roboto-Black.ttf in Resources */,
				7D4CCDAB995640A4A1449A6C /* Roboto-BlackItalic.ttf in Resources */,
				73DC076346D740D3887341C1 /* Roboto-Bold.ttf in Resources */,
				33205FC1894D40F3AE5D3A03 /* Roboto-BoldItalic.ttf in Resources */,
				9970C244D7CA4DE9AAF7A592 /* Roboto-Italic.ttf in Resources */,
				B003F668EB8E4DFD9D41DF4B /* Roboto-Light.ttf in Resources */,
				4C499D82BE19485FACA30D77 /* Roboto-LightItalic.ttf in Resources */,
				5C96EAA6293349B6A4397C28 /* Roboto-Medium.ttf in Resources */,
				62D3E23A7FF3411A98FDB9F2 /* Roboto-MediumItalic.ttf in Resources */,
				D990993B8F4B416D9713D93D /* Roboto-Regular.ttf in Resources */,
				940E1FD6ECBF4374B8779681 /* Roboto-Thin.ttf in Resources */,
				A5DC479D9E7E42A1B2225E3F /* Roboto-ThinItalic.ttf in Resources */,
				91C0E5982F8849B6BC95D733 /* DrukCy-Bold.ttf in Resources */,
				BE0BA89CE7094D05B3196FDE /* HelveticaNowDisplay-Bd.ttf in Resources */,
				BC5B89002B634EADA03D16F0 /* HelveticaNowDisplay-Md.ttf in Resources */,
				8AC62BF2A47E4224A4256F67 /* HelveticaNowDisplay-Regular.ttf in Resources */,
				2076F26FC81E4E8CAFB31C78 /* Montserrat-Bold.ttf in Resources */,
				E5B86DB097ED4C29A5157F98 /* Montserrat-Regular.ttf in Resources */,
				4423D3AB315F4A10A67D4B44 /* Montserrat-SemiBold.ttf in Resources */,
				30E53D99D8694A36B77B6DA5 /* Recoleta-SemiBold.ttf in Resources */,
				D5E8885B18224657BE9BBFC4 /* SuisseIntl-Regular.ttf in Resources */,
				C98A782EB2D6442A972E1A79 /* WorkSans-Bold.ttf in Resources */,
				0892D617269C4B85A6D6ECA3 /* WorkSans-Regular.ttf in Resources */,
				B2440F9C1D1E4FDF8B8F2C95 /* ZapfHumanist601BT-Roman.ttf in Resources */,
				533539C314B947D58C32C05F /* druk_cy_bold.ttf in Resources */,
				2FC2FF3112974D82B1D64425 /* helvetica_now_display_bd.ttf in Resources */,
				F9CA49B3F83B426EB73EE955 /* helvetica_now_display_md.ttf in Resources */,
				926B0FC773774C44A73314F6 /* helvetica_now_display_regular.ttf in Resources */,
				5DA1720B088E4DC3BEC335AD /* montserrat_bold.ttf in Resources */,
				B89C3D8CDC1C42F9B93B54EC /* montserrat_regular.ttf in Resources */,
				6B0035D98AB845C0B02EC90E /* montserrat_semi_bold.ttf in Resources */,
				FF48736BB2B9473591E9EC70 /* recoleta_semi_bold.ttf in Resources */,
				F0BA0CB08D504D4C995E43B6 /* suisse_intl_medium.ttf in Resources */,
				0DD4868F009944A684642F5B /* suisse_intl_regular.ttf in Resources */,
				F4A0FF084BA5407A927829EF /* work_sans_bold.ttf in Resources */,
				C266571A00E04726B83F3179 /* work_sans_regular.ttf in Resources */,
				0447599D4B6D4F278D46DF8D /* zapf_humanist601bt_roman.ttf in Resources */,
			);
			runOnlyForDeploymentPostprocessing = 0;
		};
		2D02E4791E0B4A5D006451C7 /* Resources */ = {
			isa = PBXResourcesBuildPhase;
			buildActionMask = 2147483647;
			files = (
				2D02E4BD1E0B4A84006451C7 /* Images.xcassets in Resources */,
			);
			runOnlyForDeploymentPostprocessing = 0;
		};
		2D02E48E1E0B4A5D006451C7 /* Resources */ = {
			isa = PBXResourcesBuildPhase;
			buildActionMask = 2147483647;
			files = (
			);
			runOnlyForDeploymentPostprocessing = 0;
		};
/* End PBXResourcesBuildPhase section */

/* Begin PBXShellScriptBuildPhase section */
		00DD1BFF1BD5951E006B06BC /* Bundle React Native code and images */ = {
			isa = PBXShellScriptBuildPhase;
			buildActionMask = 2147483647;
			files = (
			);
			inputPaths = (
			);
			name = "Bundle React Native code and images";
			outputPaths = (
			);
			runOnlyForDeploymentPostprocessing = 0;
			shellPath = /bin/sh;
			shellScript = "export NODE_BINARY=node\n../node_modules/react-native/scripts/react-native-xcode.sh\n";
		};
		07463EE6DC59B2F8AD6226B7 /* [CP] Embed Pods Frameworks */ = {
			isa = PBXShellScriptBuildPhase;
			buildActionMask = 2147483647;
			files = (
			);
			inputPaths = (
				"${PODS_ROOT}/Target Support Files/Pods-NaturaReactComponents-NaturaReactComponentsTests/Pods-NaturaReactComponents-NaturaReactComponentsTests-frameworks.sh",
				"${PODS_XCFRAMEWORKS_BUILD_DIR}/Flipper-DoubleConversion/double-conversion.framework/double-conversion",
				"${PODS_XCFRAMEWORKS_BUILD_DIR}/OpenSSL-Universal/OpenSSL.framework/OpenSSL",
			);
			name = "[CP] Embed Pods Frameworks";
			outputPaths = (
				"${TARGET_BUILD_DIR}/${FRAMEWORKS_FOLDER_PATH}/double-conversion.framework",
				"${TARGET_BUILD_DIR}/${FRAMEWORKS_FOLDER_PATH}/OpenSSL.framework",
			);
			runOnlyForDeploymentPostprocessing = 0;
			shellPath = /bin/sh;
			shellScript = "\"${PODS_ROOT}/Target Support Files/Pods-NaturaReactComponents-NaturaReactComponentsTests/Pods-NaturaReactComponents-NaturaReactComponentsTests-frameworks.sh\"\n";
			showEnvVarsInLog = 0;
		};
		2D02E4CB1E0B4B27006451C7 /* Bundle React Native Code And Images */ = {
			isa = PBXShellScriptBuildPhase;
			buildActionMask = 2147483647;
			files = (
			);
			inputPaths = (
			);
			name = "Bundle React Native Code And Images";
			outputPaths = (
			);
			runOnlyForDeploymentPostprocessing = 0;
			shellPath = /bin/sh;
			shellScript = "export NODE_BINARY=node\n../node_modules/react-native/scripts/react-native-xcode.sh";
		};
		36589991FF2F4D1D444B0D94 /* [CP] Copy Pods Resources */ = {
			isa = PBXShellScriptBuildPhase;
			buildActionMask = 2147483647;
			files = (
			);
			inputPaths = (
				"${PODS_ROOT}/Target Support Files/Pods-NaturaReactComponents/Pods-NaturaReactComponents-resources.sh",
				"${PODS_CONFIGURATION_BUILD_DIR}/React-Core/AccessibilityResources.bundle",
			);
			name = "[CP] Copy Pods Resources";
			outputPaths = (
				"${TARGET_BUILD_DIR}/${UNLOCALIZED_RESOURCES_FOLDER_PATH}/AccessibilityResources.bundle",
			);
			runOnlyForDeploymentPostprocessing = 0;
			shellPath = /bin/sh;
			shellScript = "\"${PODS_ROOT}/Target Support Files/Pods-NaturaReactComponents/Pods-NaturaReactComponents-resources.sh\"\n";
			showEnvVarsInLog = 0;
		};
		650D5C9D1E21F91D9EBE81DC /* [CP] Check Pods Manifest.lock */ = {
			isa = PBXShellScriptBuildPhase;
			buildActionMask = 2147483647;
			files = (
			);
			inputFileListPaths = (
			);
			inputPaths = (
				"${PODS_PODFILE_DIR_PATH}/Podfile.lock",
				"${PODS_ROOT}/Manifest.lock",
			);
			name = "[CP] Check Pods Manifest.lock";
			outputFileListPaths = (
			);
			outputPaths = (
				"$(DERIVED_FILE_DIR)/Pods-NaturaReactComponents-checkManifestLockResult.txt",
			);
			runOnlyForDeploymentPostprocessing = 0;
			shellPath = /bin/sh;
			shellScript = "diff \"${PODS_PODFILE_DIR_PATH}/Podfile.lock\" \"${PODS_ROOT}/Manifest.lock\" > /dev/null\nif [ $? != 0 ] ; then\n    # print error to STDERR\n    echo \"error: The sandbox is not in sync with the Podfile.lock. Run 'pod install' or update your CocoaPods installation.\" >&2\n    exit 1\nfi\n# This output is used by Xcode 'outputs' to avoid re-running this script phase.\necho \"SUCCESS\" > \"${SCRIPT_OUTPUT_FILE_0}\"\n";
			showEnvVarsInLog = 0;
		};
		6754B80F4A4D5C413A7EA476 /* [CP] Copy Pods Resources */ = {
			isa = PBXShellScriptBuildPhase;
			buildActionMask = 2147483647;
			files = (
			);
			inputPaths = (
				"${PODS_ROOT}/Target Support Files/Pods-NaturaReactComponents-NaturaReactComponentsTests/Pods-NaturaReactComponents-NaturaReactComponentsTests-resources.sh",
				"${PODS_CONFIGURATION_BUILD_DIR}/React-Core/AccessibilityResources.bundle",
			);
			name = "[CP] Copy Pods Resources";
			outputPaths = (
				"${TARGET_BUILD_DIR}/${UNLOCALIZED_RESOURCES_FOLDER_PATH}/AccessibilityResources.bundle",
			);
			runOnlyForDeploymentPostprocessing = 0;
			shellPath = /bin/sh;
			shellScript = "\"${PODS_ROOT}/Target Support Files/Pods-NaturaReactComponents-NaturaReactComponentsTests/Pods-NaturaReactComponents-NaturaReactComponentsTests-resources.sh\"\n";
			showEnvVarsInLog = 0;
		};
		6D8506C07BBDB6A8C81966F8 /* [CP] Embed Pods Frameworks */ = {
			isa = PBXShellScriptBuildPhase;
			buildActionMask = 2147483647;
			files = (
			);
			inputPaths = (
				"${PODS_ROOT}/Target Support Files/Pods-NaturaReactComponents/Pods-NaturaReactComponents-frameworks.sh",
				"${PODS_XCFRAMEWORKS_BUILD_DIR}/Flipper-DoubleConversion/double-conversion.framework/double-conversion",
				"${PODS_XCFRAMEWORKS_BUILD_DIR}/OpenSSL-Universal/OpenSSL.framework/OpenSSL",
			);
			name = "[CP] Embed Pods Frameworks";
			outputPaths = (
				"${TARGET_BUILD_DIR}/${FRAMEWORKS_FOLDER_PATH}/double-conversion.framework",
				"${TARGET_BUILD_DIR}/${FRAMEWORKS_FOLDER_PATH}/OpenSSL.framework",
			);
			runOnlyForDeploymentPostprocessing = 0;
			shellPath = /bin/sh;
			shellScript = "\"${PODS_ROOT}/Target Support Files/Pods-NaturaReactComponents/Pods-NaturaReactComponents-frameworks.sh\"\n";
			showEnvVarsInLog = 0;
		};
		F6E624C3BDC343714B851699 /* [CP] Check Pods Manifest.lock */ = {
			isa = PBXShellScriptBuildPhase;
			buildActionMask = 2147483647;
			files = (
			);
			inputFileListPaths = (
			);
			inputPaths = (
				"${PODS_PODFILE_DIR_PATH}/Podfile.lock",
				"${PODS_ROOT}/Manifest.lock",
			);
			name = "[CP] Check Pods Manifest.lock";
			outputFileListPaths = (
			);
			outputPaths = (
				"$(DERIVED_FILE_DIR)/Pods-NaturaReactComponents-NaturaReactComponentsTests-checkManifestLockResult.txt",
			);
			runOnlyForDeploymentPostprocessing = 0;
			shellPath = /bin/sh;
			shellScript = "diff \"${PODS_PODFILE_DIR_PATH}/Podfile.lock\" \"${PODS_ROOT}/Manifest.lock\" > /dev/null\nif [ $? != 0 ] ; then\n    # print error to STDERR\n    echo \"error: The sandbox is not in sync with the Podfile.lock. Run 'pod install' or update your CocoaPods installation.\" >&2\n    exit 1\nfi\n# This output is used by Xcode 'outputs' to avoid re-running this script phase.\necho \"SUCCESS\" > \"${SCRIPT_OUTPUT_FILE_0}\"\n";
			showEnvVarsInLog = 0;
		};
		FD10A7F022414F080027D42C /* Start Packager */ = {
			isa = PBXShellScriptBuildPhase;
			buildActionMask = 2147483647;
			files = (
			);
			inputFileListPaths = (
			);
			inputPaths = (
			);
			name = "Start Packager";
			outputFileListPaths = (
			);
			outputPaths = (
			);
			runOnlyForDeploymentPostprocessing = 0;
			shellPath = /bin/sh;
			shellScript = "export RCT_METRO_PORT=\"${RCT_METRO_PORT:=8081}\"\necho \"export RCT_METRO_PORT=${RCT_METRO_PORT}\" > \"${SRCROOT}/../node_modules/react-native/scripts/.packager.env\"\nif [ -z \"${RCT_NO_LAUNCH_PACKAGER+xxx}\" ] ; then\n  if nc -w 5 -z localhost ${RCT_METRO_PORT} ; then\n    if ! curl -s \"http://localhost:${RCT_METRO_PORT}/status\" | grep -q \"packager-status:running\" ; then\n      echo \"Port ${RCT_METRO_PORT} already in use, packager is either not running or not running correctly\"\n      exit 2\n    fi\n  else\n    open \"$SRCROOT/../node_modules/react-native/scripts/launchPackager.command\" || echo \"Can't start packager automatically\"\n  fi\nfi\n";
			showEnvVarsInLog = 0;
		};
		FD10A7F122414F3F0027D42C /* Start Packager */ = {
			isa = PBXShellScriptBuildPhase;
			buildActionMask = 2147483647;
			files = (
			);
			inputFileListPaths = (
			);
			inputPaths = (
			);
			name = "Start Packager";
			outputFileListPaths = (
			);
			outputPaths = (
			);
			runOnlyForDeploymentPostprocessing = 0;
			shellPath = /bin/sh;
			shellScript = "export RCT_METRO_PORT=\"${RCT_METRO_PORT:=8081}\"\necho \"export RCT_METRO_PORT=${RCT_METRO_PORT}\" > \"${SRCROOT}/../node_modules/react-native/scripts/.packager.env\"\nif [ -z \"${RCT_NO_LAUNCH_PACKAGER+xxx}\" ] ; then\n  if nc -w 5 -z localhost ${RCT_METRO_PORT} ; then\n    if ! curl -s \"http://localhost:${RCT_METRO_PORT}/status\" | grep -q \"packager-status:running\" ; then\n      echo \"Port ${RCT_METRO_PORT} already in use, packager is either not running or not running correctly\"\n      exit 2\n    fi\n  else\n    open \"$SRCROOT/../node_modules/react-native/scripts/launchPackager.command\" || echo \"Can't start packager automatically\"\n  fi\nfi\n";
			showEnvVarsInLog = 0;
		};
/* End PBXShellScriptBuildPhase section */

/* Begin PBXSourcesBuildPhase section */
		00E356EA1AD99517003FC87E /* Sources */ = {
			isa = PBXSourcesBuildPhase;
			buildActionMask = 2147483647;
			files = (
				00E356F31AD99517003FC87E /* NaturaReactComponentsTests.m in Sources */,
			);
			runOnlyForDeploymentPostprocessing = 0;
		};
		13B07F871A680F5B00A75B9A /* Sources */ = {
			isa = PBXSourcesBuildPhase;
			buildActionMask = 2147483647;
			files = (
				13B07FBC1A68108700A75B9A /* AppDelegate.m in Sources */,
				191A85822453F74E001A532B /* dummy.swift in Sources */,
				13B07FC11A68108700A75B9A /* main.m in Sources */,
			);
			runOnlyForDeploymentPostprocessing = 0;
		};
		2D02E4771E0B4A5D006451C7 /* Sources */ = {
			isa = PBXSourcesBuildPhase;
			buildActionMask = 2147483647;
			files = (
				2D02E4BF1E0B4AB3006451C7 /* main.m in Sources */,
				2D02E4BC1E0B4A80006451C7 /* AppDelegate.m in Sources */,
			);
			runOnlyForDeploymentPostprocessing = 0;
		};
		2D02E48C1E0B4A5D006451C7 /* Sources */ = {
			isa = PBXSourcesBuildPhase;
			buildActionMask = 2147483647;
			files = (
				2DCD954D1E0B4F2C00145EB5 /* NaturaReactComponentsTests.m in Sources */,
			);
			runOnlyForDeploymentPostprocessing = 0;
		};
/* End PBXSourcesBuildPhase section */

/* Begin PBXTargetDependency section */
		00E356F51AD99517003FC87E /* PBXTargetDependency */ = {
			isa = PBXTargetDependency;
			target = 13B07F861A680F5B00A75B9A /* NaturaReactComponents */;
			targetProxy = 00E356F41AD99517003FC87E /* PBXContainerItemProxy */;
		};
		2D02E4921E0B4A5D006451C7 /* PBXTargetDependency */ = {
			isa = PBXTargetDependency;
			target = 2D02E47A1E0B4A5D006451C7 /* NaturaReactComponents-tvOS */;
			targetProxy = 2D02E4911E0B4A5D006451C7 /* PBXContainerItemProxy */;
		};
/* End PBXTargetDependency section */

/* Begin PBXVariantGroup section */
		13B07FB11A68108700A75B9A /* LaunchScreen.xib */ = {
			isa = PBXVariantGroup;
			children = (
				13B07FB21A68108700A75B9A /* Base */,
			);
			name = LaunchScreen.xib;
			path = NaturaReactComponents;
			sourceTree = "<group>";
		};
/* End PBXVariantGroup section */

/* Begin XCBuildConfiguration section */
		00E356F61AD99517003FC87E /* Debug */ = {
			isa = XCBuildConfiguration;
			baseConfigurationReference = D0642809588A67508E542E26 /* Pods-NaturaReactComponents-NaturaReactComponentsTests.debug.xcconfig */;
			buildSettings = {
				ALWAYS_EMBED_SWIFT_STANDARD_LIBRARIES = YES;
				BUNDLE_LOADER = "$(TEST_HOST)";
				GCC_PREPROCESSOR_DEFINITIONS = (
					"DEBUG=1",
					"$(inherited)",
				);
				INFOPLIST_FILE = NaturaReactComponentsTests/Info.plist;
				IPHONEOS_DEPLOYMENT_TARGET = 9.0;
				LD_RUNPATH_SEARCH_PATHS = "$(inherited) @executable_path/Frameworks @loader_path/Frameworks";
				OTHER_CFLAGS = (
					"$(inherited)",
					"-DFB_SONARKIT_ENABLED=1",
				);
				OTHER_LDFLAGS = (
					"-ObjC",
					"-lc++",
					"$(inherited)",
				);
				PRODUCT_BUNDLE_IDENTIFIER = "org.reactjs.native.example.$(PRODUCT_NAME:rfc1034identifier)";
				PRODUCT_NAME = "$(TARGET_NAME)";
				TEST_HOST = "$(BUILT_PRODUCTS_DIR)/NatDSRNSampleApp.app/NatDSRNSampleApp";
			};
			name = Debug;
		};
		00E356F71AD99517003FC87E /* Release */ = {
			isa = XCBuildConfiguration;
			baseConfigurationReference = 4F910D4E2675543E64B2CC57 /* Pods-NaturaReactComponents-NaturaReactComponentsTests.release.xcconfig */;
			buildSettings = {
				ALWAYS_EMBED_SWIFT_STANDARD_LIBRARIES = YES;
				BUNDLE_LOADER = "$(TEST_HOST)";
				COPY_PHASE_STRIP = NO;
				INFOPLIST_FILE = NaturaReactComponentsTests/Info.plist;
				IPHONEOS_DEPLOYMENT_TARGET = 9.0;
				LD_RUNPATH_SEARCH_PATHS = "$(inherited) @executable_path/Frameworks @loader_path/Frameworks";
				OTHER_CFLAGS = (
					"$(inherited)",
					"-DFB_SONARKIT_ENABLED=1",
				);
				OTHER_LDFLAGS = (
					"-ObjC",
					"-lc++",
					"$(inherited)",
				);
				PRODUCT_BUNDLE_IDENTIFIER = "org.reactjs.native.example.$(PRODUCT_NAME:rfc1034identifier)";
				PRODUCT_NAME = "$(TARGET_NAME)";
				TEST_HOST = "$(BUILT_PRODUCTS_DIR)/NatDSRNSampleApp.app/NatDSRNSampleApp";
			};
			name = Release;
		};
		13B07F941A680F5B00A75B9A /* Debug */ = {
			isa = XCBuildConfiguration;
			baseConfigurationReference = ACB3C07D040D928D77136F03 /* Pods-NaturaReactComponents.debug.xcconfig */;
			buildSettings = {
				ASSETCATALOG_COMPILER_APPICON_NAME = AppIcon;
				CLANG_ENABLE_MODULES = YES;
				CODE_SIGN_IDENTITY = "iPhone Distribution";
				CODE_SIGN_STYLE = Manual;
				CURRENT_PROJECT_VERSION = 1;
				DEVELOPMENT_TEAM = XUT82JX72R;
				ENABLE_BITCODE = NO;
				FRAMEWORK_SEARCH_PATHS = "$(inherited)";
				GCC_PREPROCESSOR_DEFINITIONS = (
					"$(inherited)",
					"FB_SONARKIT_ENABLED=1",
				);
				INFOPLIST_FILE = NaturaReactComponents/Info.plist;
				IPHONEOS_DEPLOYMENT_TARGET = 11.0;
				LD_RUNPATH_SEARCH_PATHS = "$(inherited) @executable_path/Frameworks";
				OTHER_CFLAGS = (
					"$(inherited)",
					"-DFB_SONARKIT_ENABLED=1",
				);
				OTHER_LDFLAGS = "$(inherited)";
				PRODUCT_BUNDLE_IDENTIFIER = net.natura.NatDSRNSample;
				PRODUCT_NAME = NatDSRNSampleApp;
				PROVISIONING_PROFILE_SPECIFIER = "Bitrise ios app-store - (net.natura.NatDSRNSample)";
				SWIFT_OBJC_BRIDGING_HEADER = "NaturaReactComponents-Bridging-Header.h";
				SWIFT_OPTIMIZATION_LEVEL = "-Onone";
				SWIFT_VERSION = 5.0;
				VERSIONING_SYSTEM = "apple-generic";
			};
			name = Debug;
		};
		13B07F951A680F5B00A75B9A /* Release */ = {
			isa = XCBuildConfiguration;
			baseConfigurationReference = 069512BDB7C40A41FA8BC2DA /* Pods-NaturaReactComponents.release.xcconfig */;
			buildSettings = {
				ASSETCATALOG_COMPILER_APPICON_NAME = AppIcon;
				CLANG_ENABLE_MODULES = YES;
				CODE_SIGN_IDENTITY = "iPhone Distribution";
				CODE_SIGN_STYLE = Manual;
				CURRENT_PROJECT_VERSION = 1;
				DEVELOPMENT_TEAM = XUT82JX72R;
				FRAMEWORK_SEARCH_PATHS = "$(inherited)";
				INFOPLIST_FILE = NaturaReactComponents/Info.plist;
				IPHONEOS_DEPLOYMENT_TARGET = 11.0;
				LD_RUNPATH_SEARCH_PATHS = "$(inherited) @executable_path/Frameworks";
				OTHER_CFLAGS = (
					"$(inherited)",
					"-DFB_SONARKIT_ENABLED=1",
				);
				OTHER_LDFLAGS = "$(inherited)";
				PRODUCT_BUNDLE_IDENTIFIER = net.natura.NatDSRNSample;
				PRODUCT_NAME = NatDSRNSampleApp;
				PROVISIONING_PROFILE_SPECIFIER = "Bitrise ios app-store - (net.natura.NatDSRNSample)";
				SWIFT_OBJC_BRIDGING_HEADER = "NaturaReactComponents-Bridging-Header.h";
				SWIFT_VERSION = 5.0;
				VERSIONING_SYSTEM = "apple-generic";
			};
			name = Release;
		};
		2D02E4971E0B4A5E006451C7 /* Debug */ = {
			isa = XCBuildConfiguration;
			buildSettings = {
				ASSETCATALOG_COMPILER_APPICON_NAME = "App Icon & Top Shelf Image";
				ASSETCATALOG_COMPILER_LAUNCHIMAGE_NAME = LaunchImage;
				CLANG_ANALYZER_NONNULL = YES;
				CLANG_WARN_DOCUMENTATION_COMMENTS = YES;
				CLANG_WARN_INFINITE_RECURSION = YES;
				CLANG_WARN_SUSPICIOUS_MOVE = YES;
				DEBUG_INFORMATION_FORMAT = dwarf;
				ENABLE_TESTABILITY = YES;
				GCC_NO_COMMON_BLOCKS = YES;
				INFOPLIST_FILE = "NaturaReactComponents-tvOS/Info.plist";
				LD_RUNPATH_SEARCH_PATHS = "$(inherited) @executable_path/Frameworks";
				OTHER_CFLAGS = (
					"$(inherited)",
					"-DFB_SONARKIT_ENABLED=1",
				);
				OTHER_LDFLAGS = (
					"$(inherited)",
					"-ObjC",
					"-lc++",
				);
				PRODUCT_BUNDLE_IDENTIFIER = "com.facebook.REACT.NaturaReactComponents-tvOS";
				PRODUCT_NAME = "$(TARGET_NAME)";
				SDKROOT = appletvos;
				TARGETED_DEVICE_FAMILY = 3;
				TVOS_DEPLOYMENT_TARGET = 9.2;
			};
			name = Debug;
		};
		2D02E4981E0B4A5E006451C7 /* Release */ = {
			isa = XCBuildConfiguration;
			buildSettings = {
				ASSETCATALOG_COMPILER_APPICON_NAME = "App Icon & Top Shelf Image";
				ASSETCATALOG_COMPILER_LAUNCHIMAGE_NAME = LaunchImage;
				CLANG_ANALYZER_NONNULL = YES;
				CLANG_WARN_DOCUMENTATION_COMMENTS = YES;
				CLANG_WARN_INFINITE_RECURSION = YES;
				CLANG_WARN_SUSPICIOUS_MOVE = YES;
				COPY_PHASE_STRIP = NO;
				DEBUG_INFORMATION_FORMAT = "dwarf-with-dsym";
				GCC_NO_COMMON_BLOCKS = YES;
				INFOPLIST_FILE = "NaturaReactComponents-tvOS/Info.plist";
				LD_RUNPATH_SEARCH_PATHS = "$(inherited) @executable_path/Frameworks";
				OTHER_CFLAGS = (
					"$(inherited)",
					"-DFB_SONARKIT_ENABLED=1",
				);
				OTHER_LDFLAGS = (
					"$(inherited)",
					"-ObjC",
					"-lc++",
				);
				PRODUCT_BUNDLE_IDENTIFIER = "com.facebook.REACT.NaturaReactComponents-tvOS";
				PRODUCT_NAME = "$(TARGET_NAME)";
				SDKROOT = appletvos;
				TARGETED_DEVICE_FAMILY = 3;
				TVOS_DEPLOYMENT_TARGET = 9.2;
			};
			name = Release;
		};
		2D02E4991E0B4A5E006451C7 /* Debug */ = {
			isa = XCBuildConfiguration;
			buildSettings = {
				BUNDLE_LOADER = "$(TEST_HOST)";
				CLANG_ANALYZER_NONNULL = YES;
				CLANG_WARN_DOCUMENTATION_COMMENTS = YES;
				CLANG_WARN_INFINITE_RECURSION = YES;
				CLANG_WARN_SUSPICIOUS_MOVE = YES;
				DEBUG_INFORMATION_FORMAT = dwarf;
				ENABLE_TESTABILITY = YES;
				GCC_NO_COMMON_BLOCKS = YES;
				INFOPLIST_FILE = "NaturaReactComponents-tvOSTests/Info.plist";
				LD_RUNPATH_SEARCH_PATHS = "/usr/lib/swift $(inherited) @executable_path/Frameworks @loader_path/Frameworks";
				OTHER_CFLAGS = (
					"$(inherited)",
					"-DFB_SONARKIT_ENABLED=1",
				);
				OTHER_LDFLAGS = (
					"$(inherited)",
					"-ObjC",
					"-lc++",
				);
				PRODUCT_BUNDLE_IDENTIFIER = "com.facebook.REACT.NaturaReactComponents-tvOSTests";
				PRODUCT_NAME = "$(TARGET_NAME)";
				SDKROOT = appletvos;
				TEST_HOST = "$(BUILT_PRODUCTS_DIR)/NaturaReactComponents-tvOS.app/NaturaReactComponents-tvOS";
				TVOS_DEPLOYMENT_TARGET = 10.1;
			};
			name = Debug;
		};
		2D02E49A1E0B4A5E006451C7 /* Release */ = {
			isa = XCBuildConfiguration;
			buildSettings = {
				BUNDLE_LOADER = "$(TEST_HOST)";
				CLANG_ANALYZER_NONNULL = YES;
				CLANG_WARN_DOCUMENTATION_COMMENTS = YES;
				CLANG_WARN_INFINITE_RECURSION = YES;
				CLANG_WARN_SUSPICIOUS_MOVE = YES;
				COPY_PHASE_STRIP = NO;
				DEBUG_INFORMATION_FORMAT = "dwarf-with-dsym";
				GCC_NO_COMMON_BLOCKS = YES;
				INFOPLIST_FILE = "NaturaReactComponents-tvOSTests/Info.plist";
				LD_RUNPATH_SEARCH_PATHS = "/usr/lib/swift $(inherited) @executable_path/Frameworks @loader_path/Frameworks";
				OTHER_CFLAGS = (
					"$(inherited)",
					"-DFB_SONARKIT_ENABLED=1",
				);
				OTHER_LDFLAGS = (
					"$(inherited)",
					"-ObjC",
					"-lc++",
				);
				PRODUCT_BUNDLE_IDENTIFIER = "com.facebook.REACT.NaturaReactComponents-tvOSTests";
				PRODUCT_NAME = "$(TARGET_NAME)";
				SDKROOT = appletvos;
				TEST_HOST = "$(BUILT_PRODUCTS_DIR)/NaturaReactComponents-tvOS.app/NaturaReactComponents-tvOS";
				TVOS_DEPLOYMENT_TARGET = 10.1;
			};
			name = Release;
		};
		83CBBA201A601CBA00E9B192 /* Debug */ = {
			isa = XCBuildConfiguration;
			buildSettings = {
				ALWAYS_EMBED_SWIFT_STANDARD_LIBRARIES = YES;
				ALWAYS_SEARCH_USER_PATHS = NO;
				CLANG_ANALYZER_LOCALIZABILITY_NONLOCALIZED = YES;
				CLANG_CXX_LANGUAGE_STANDARD = "gnu++0x";
				CLANG_CXX_LIBRARY = "libc++";
				CLANG_ENABLE_MODULES = YES;
				CLANG_ENABLE_OBJC_ARC = YES;
				CLANG_WARN_BLOCK_CAPTURE_AUTORELEASING = YES;
				CLANG_WARN_BOOL_CONVERSION = YES;
				CLANG_WARN_COMMA = YES;
				CLANG_WARN_CONSTANT_CONVERSION = YES;
				CLANG_WARN_DEPRECATED_OBJC_IMPLEMENTATIONS = YES;
				CLANG_WARN_DIRECT_OBJC_ISA_USAGE = YES_ERROR;
				CLANG_WARN_EMPTY_BODY = YES;
				CLANG_WARN_ENUM_CONVERSION = YES;
				CLANG_WARN_INFINITE_RECURSION = YES;
				CLANG_WARN_INT_CONVERSION = YES;
				CLANG_WARN_NON_LITERAL_NULL_CONVERSION = YES;
				CLANG_WARN_OBJC_IMPLICIT_RETAIN_SELF = YES;
				CLANG_WARN_OBJC_LITERAL_CONVERSION = YES;
				CLANG_WARN_OBJC_ROOT_CLASS = YES_ERROR;
				CLANG_WARN_RANGE_LOOP_ANALYSIS = YES;
				CLANG_WARN_STRICT_PROTOTYPES = YES;
				CLANG_WARN_SUSPICIOUS_MOVE = YES;
				CLANG_WARN_UNREACHABLE_CODE = YES;
				CLANG_WARN__DUPLICATE_METHOD_MATCH = YES;
				"CODE_SIGN_IDENTITY[sdk=iphoneos*]" = "iPhone Developer";
				COPY_PHASE_STRIP = NO;
				ENABLE_STRICT_OBJC_MSGSEND = YES;
				ENABLE_TESTABILITY = YES;
				"EXCLUDED_ARCHS[sdk=iphonesimulator*]" = "arm64 ";
				GCC_C_LANGUAGE_STANDARD = gnu99;
				GCC_DYNAMIC_NO_PIC = NO;
				GCC_NO_COMMON_BLOCKS = YES;
				GCC_OPTIMIZATION_LEVEL = 0;
				GCC_PREPROCESSOR_DEFINITIONS = (
					"DEBUG=1",
					"$(inherited)",
				);
				GCC_SYMBOLS_PRIVATE_EXTERN = NO;
				GCC_WARN_64_TO_32_BIT_CONVERSION = YES;
				GCC_WARN_ABOUT_RETURN_TYPE = YES_ERROR;
				GCC_WARN_UNDECLARED_SELECTOR = YES;
				GCC_WARN_UNINITIALIZED_AUTOS = YES_AGGRESSIVE;
				GCC_WARN_UNUSED_FUNCTION = YES;
				GCC_WARN_UNUSED_VARIABLE = YES;
				IPHONEOS_DEPLOYMENT_TARGET = 9.0;
				LIBRARY_SEARCH_PATHS = (
					"\"$(TOOLCHAIN_DIR)/usr/lib/swift/$(PLATFORM_NAME)\"",
					"\"$(TOOLCHAIN_DIR)/usr/lib/swift-5.0/$(PLATFORM_NAME)\"",
					"\"$(inherited)\"",
				);
				MTL_ENABLE_DEBUG_INFO = YES;
				ONLY_ACTIVE_ARCH = YES;
				OTHER_LDFLAGS = "";
				SDKROOT = iphoneos;
			};
			name = Debug;
		};
		83CBBA211A601CBA00E9B192 /* Release */ = {
			isa = XCBuildConfiguration;
			buildSettings = {
				ALWAYS_EMBED_SWIFT_STANDARD_LIBRARIES = YES;
				ALWAYS_SEARCH_USER_PATHS = NO;
				CLANG_ANALYZER_LOCALIZABILITY_NONLOCALIZED = YES;
				CLANG_CXX_LANGUAGE_STANDARD = "gnu++0x";
				CLANG_CXX_LIBRARY = "libc++";
				CLANG_ENABLE_MODULES = YES;
				CLANG_ENABLE_OBJC_ARC = YES;
				CLANG_WARN_BLOCK_CAPTURE_AUTORELEASING = YES;
				CLANG_WARN_BOOL_CONVERSION = YES;
				CLANG_WARN_COMMA = YES;
				CLANG_WARN_CONSTANT_CONVERSION = YES;
				CLANG_WARN_DEPRECATED_OBJC_IMPLEMENTATIONS = YES;
				CLANG_WARN_DIRECT_OBJC_ISA_USAGE = YES_ERROR;
				CLANG_WARN_EMPTY_BODY = YES;
				CLANG_WARN_ENUM_CONVERSION = YES;
				CLANG_WARN_INFINITE_RECURSION = YES;
				CLANG_WARN_INT_CONVERSION = YES;
				CLANG_WARN_NON_LITERAL_NULL_CONVERSION = YES;
				CLANG_WARN_OBJC_IMPLICIT_RETAIN_SELF = YES;
				CLANG_WARN_OBJC_LITERAL_CONVERSION = YES;
				CLANG_WARN_OBJC_ROOT_CLASS = YES_ERROR;
				CLANG_WARN_RANGE_LOOP_ANALYSIS = YES;
				CLANG_WARN_STRICT_PROTOTYPES = YES;
				CLANG_WARN_SUSPICIOUS_MOVE = YES;
				CLANG_WARN_UNREACHABLE_CODE = YES;
				CLANG_WARN__DUPLICATE_METHOD_MATCH = YES;
				"CODE_SIGN_IDENTITY[sdk=iphoneos*]" = "iPhone Developer";
				COPY_PHASE_STRIP = YES;
				ENABLE_NS_ASSERTIONS = NO;
				ENABLE_STRICT_OBJC_MSGSEND = YES;
				"EXCLUDED_ARCHS[sdk=iphonesimulator*]" = "arm64 ";
				GCC_C_LANGUAGE_STANDARD = gnu99;
				GCC_NO_COMMON_BLOCKS = YES;
				GCC_WARN_64_TO_32_BIT_CONVERSION = YES;
				GCC_WARN_ABOUT_RETURN_TYPE = YES_ERROR;
				GCC_WARN_UNDECLARED_SELECTOR = YES;
				GCC_WARN_UNINITIALIZED_AUTOS = YES_AGGRESSIVE;
				GCC_WARN_UNUSED_FUNCTION = YES;
				GCC_WARN_UNUSED_VARIABLE = YES;
				IPHONEOS_DEPLOYMENT_TARGET = 9.0;
				LIBRARY_SEARCH_PATHS = (
					"\"$(TOOLCHAIN_DIR)/usr/lib/swift/$(PLATFORM_NAME)\"",
					"\"$(TOOLCHAIN_DIR)/usr/lib/swift-5.0/$(PLATFORM_NAME)\"",
					"\"$(inherited)\"",
				);
				MTL_ENABLE_DEBUG_INFO = NO;
				OTHER_LDFLAGS = "";
				"OTHER_LDFLAGS[arch=*]" = "$(inherited)";
				SDKROOT = iphoneos;
				VALIDATE_PRODUCT = YES;
			};
			name = Release;
		};
/* End XCBuildConfiguration section */

/* Begin XCConfigurationList section */
		00E357021AD99517003FC87E /* Build configuration list for PBXNativeTarget "NaturaReactComponentsTests" */ = {
			isa = XCConfigurationList;
			buildConfigurations = (
				00E356F61AD99517003FC87E /* Debug */,
				00E356F71AD99517003FC87E /* Release */,
			);
			defaultConfigurationIsVisible = 0;
			defaultConfigurationName = Release;
		};
		13B07F931A680F5B00A75B9A /* Build configuration list for PBXNativeTarget "NaturaReactComponents" */ = {
			isa = XCConfigurationList;
			buildConfigurations = (
				13B07F941A680F5B00A75B9A /* Debug */,
				13B07F951A680F5B00A75B9A /* Release */,
			);
			defaultConfigurationIsVisible = 0;
			defaultConfigurationName = Release;
		};
		2D02E4BA1E0B4A5E006451C7 /* Build configuration list for PBXNativeTarget "NaturaReactComponents-tvOS" */ = {
			isa = XCConfigurationList;
			buildConfigurations = (
				2D02E4971E0B4A5E006451C7 /* Debug */,
				2D02E4981E0B4A5E006451C7 /* Release */,
			);
			defaultConfigurationIsVisible = 0;
			defaultConfigurationName = Release;
		};
		2D02E4BB1E0B4A5E006451C7 /* Build configuration list for PBXNativeTarget "NaturaReactComponents-tvOSTests" */ = {
			isa = XCConfigurationList;
			buildConfigurations = (
				2D02E4991E0B4A5E006451C7 /* Debug */,
				2D02E49A1E0B4A5E006451C7 /* Release */,
			);
			defaultConfigurationIsVisible = 0;
			defaultConfigurationName = Release;
		};
		83CBB9FA1A601CBA00E9B192 /* Build configuration list for PBXProject "NaturaReactComponents" */ = {
			isa = XCConfigurationList;
			buildConfigurations = (
				83CBBA201A601CBA00E9B192 /* Debug */,
				83CBBA211A601CBA00E9B192 /* Release */,
			);
			defaultConfigurationIsVisible = 0;
			defaultConfigurationName = Release;
		};
/* End XCConfigurationList section */
	};
	rootObject = 83CBB9F71A601CBA00E9B192 /* Project object */;
}
